
Microsoft Visual Studio Solution File, Format Version 12.00
# Visual Studio 15
Project("{FAE04EC0-301F-11D3-BF4B-00C04F79EFBC}") = "FastSpringBone", "FastSpringBone.csproj", "{3937343E-5105-3CD7-3240-F527CE002315}"
EndProject
Project("{FAE04EC0-301F-11D3-BF4B-00C04F79EFBC}") = "UniGLTF", "UniGLTF.csproj", "{DD0D508C-2211-846B-46B2-EF8F67587F2E}"
EndProject
Project("{FAE04EC0-301F-11D3-BF4B-00C04F79EFBC}") = "Assembly-CSharp", "Assembly-CSharp.csproj", "{B5E4A965-8335-986B-6B8C-290923F5E47B}"
EndProject
Project("{FAE04EC0-301F-11D3-BF4B-00C04F79EFBC}") = "VRM", "VRM.csproj", "{6BFD543C-61FE-960B-789A-0D9D4BEA12D6}"
EndProject
Project("{FAE04EC0-301F-11D3-BF4B-00C04F79EFBC}") = "VRMShaders.GLTF.IO.Runtime", "VRMShaders.GLTF.IO.Runtime.csproj", "{B27380F1-12F2-88C1-FB05-DE24EDC20FF5}"
EndProject
Project("{FAE04EC0-301F-11D3-BF4B-00C04F79EFBC}") = "VRMShaders.VRM10.MToon10.Runtime", "VRMShaders.VRM10.MToon10.Runtime.csproj", "{66A207CA-26D0-D275-8883-73E8F190F92F}"
EndProject
Project("{FAE04EC0-301F-11D3-BF4B-00C04F79EFBC}") = "VRM.Samples.AnimationBridgeSample", "VRM.Samples.AnimationBridgeSample.csproj", "{6C74792F-08ED-5C28-DB8F-21D9B4B8CB3E}"
EndProject
Project("{FAE04EC0-301F-11D3-BF4B-00C04F79EFBC}") = "VRM.Samples.SimpleViewer", "VRM.Samples.SimpleViewer.csproj", "{09CDC0C0-CF2F-D65F-EC31-C49EABD13AD6}"
EndProject
Project("{FAE04EC0-301F-11D3-BF4B-00C04F79EFBC}") = "UniHumanoid", "UniHumanoid.csproj", "{8E2F157E-1B0E-4BFF-D220-88E95989B1DE}"
EndProject
Project("{FAE04EC0-301F-11D3-BF4B-00C04F79EFBC}") = "VRMShaders.GLTF.UniUnlit.Runtime", "VRMShaders.GLTF.UniUnlit.Runtime.csproj", "{EDB405A5-C06F-E348-3BFD-031C2F4A3C20}"
EndProject
Project("{FAE04EC0-301F-11D3-BF4B-00C04F79EFBC}") = "VRMShaders.VRM.IO.Runtime", "VRMShaders.VRM.IO.Runtime.csproj", "{3015B770-9BD9-7DDC-B821-DF51BBA21187}"
EndProject
Project("{FAE04EC0-301F-11D3-BF4B-00C04F79EFBC}") = "VRM.Samples.FirstPersonSample", "VRM.Samples.FirstPersonSample.csproj", "{9A1BF24D-77D3-E1E2-70E8-05732D9418D9}"
EndProject
Project("{FAE04EC0-301F-11D3-BF4B-00C04F79EFBC}") = "MToon", "MToon.csproj", "{366D5921-7F9D-1E5B-B385-1C7E3581A438}"
EndProject
Project("{FAE04EC0-301F-11D3-BF4B-00C04F79EFBC}") = "VRMShaders.VRM10.Format.Runtime", "VRMShaders.VRM10.Format.Runtime.csproj", "{D482B0DF-42E5-C6E6-E976-6E801EFFC180}"
EndProject
Project("{FAE04EC0-301F-11D3-BF4B-00C04F79EFBC}") = "UniGLTF.Samples.ScreenSpace", "UniGLTF.Samples.ScreenSpace.csproj", "{1D5D5169-4040-F5D2-D4D5-5832002F687A}"
EndProject
Project("{FAE04EC0-301F-11D3-BF4B-00C04F79EFBC}") = "VRM.Samples.RuntimeExporterSample", "VRM.Samples.RuntimeExporterSample.csproj", "{39253609-A029-8ECE-5C04-02D143E823B5}"
EndProject
Project("{FAE04EC0-301F-11D3-BF4B-00C04F79EFBC}") = "VRM.Tests", "VRM.Tests.csproj", "{DE192E80-83BD-A668-5446-F62370C1169E}"
EndProject
Project("{FAE04EC0-301F-11D3-BF4B-00C04F79EFBC}") = "UniGLTF.Tests", "UniGLTF.Tests.csproj", "{CC8CC312-D0AB-BD5A-D839-5E4162F30545}"
EndProject
Project("{FAE04EC0-301F-11D3-BF4B-00C04F79EFBC}") = "UniGLTF.Editor", "UniGLTF.Editor.csproj", "{6D06EF29-06EA-6397-F671-81DF8A17500E}"
EndProject
Project("{FAE04EC0-301F-11D3-BF4B-00C04F79EFBC}") = "UniVRM.Editor", "UniVRM.Editor.csproj", "{C47FD5D1-2761-6497-F3A3-0C396307D851}"
EndProject
Project("{FAE04EC0-301F-11D3-BF4B-00C04F79EFBC}") = "VRMShaders.GLTF.UniUnlit.Editor", "VRMShaders.GLTF.UniUnlit.Editor.csproj", "{C81B08F0-C2BA-B5CE-4D57-1D7BD1698074}"
EndProject
Project("{FAE04EC0-301F-11D3-BF4B-00C04F79EFBC}") = "Assembly-CSharp-Editor", "Assembly-CSharp-Editor.csproj", "{385494A7-4667-308C-E1D9-846BD2351A32}"
EndProject
Project("{FAE04EC0-301F-11D3-BF4B-00C04F79EFBC}") = "UniHumanoid.Editor", "UniHumanoid.Editor.csproj", "{68855429-808B-8701-37CE-270679C5AC49}"
EndProject
Project("{FAE04EC0-301F-11D3-BF4B-00C04F79EFBC}") = "VRMShaders.GLTF.IO.Tests", "VRMShaders.GLTF.IO.Tests.csproj", "{9C0088F6-165D-6C0B-110A-828244FBF3FC}"
EndProject
Project("{FAE04EC0-301F-11D3-BF4B-00C04F79EFBC}") = "VRMShaders.VRM10.MToon10.Tests", "VRMShaders.VRM10.MToon10.Tests.csproj", "{C646148B-50CF-DF25-0280-B9C79685AED3}"
EndProject
Project("{FAE04EC0-301F-11D3-BF4B-00C04F79EFBC}") = "VRMShaders.VRM10.MToon10.Editor", "VRMShaders.VRM10.MToon10.Editor.csproj", "{5E350756-A246-5FBA-BCA6-E5375470E1B6}"
EndProject
Project("{FAE04EC0-301F-11D3-BF4B-00C04F79EFBC}") = "UniHumanoid.Editor.Tests", "UniHumanoid.Editor.Tests.csproj", "{1A11E94B-A7B6-D711-C9B5-A9C05FF09F13}"
EndProject
Project("{FAE04EC0-301F-11D3-BF4B-00C04F79EFBC}") = "MToon.Editor", "MToon.Editor.csproj", "{7235D79A-7F1B-3078-E3C8-E382C8FC2B30}"
EndProject
Project("{FAE04EC0-301F-11D3-BF4B-00C04F79EFBC}") = "VRM.Samples.Editor.Tests", "VRM.Samples.Editor.Tests.csproj", "{3F24E5C8-0EF2-60A9-9B78-A8D9B04B5CD9}"
EndProject
Project("{FAE04EC0-301F-11D3-BF4B-00C04F79EFBC}") = "VRMShaders.GLTF.IO.Editor", "VRMShaders.GLTF.IO.Editor.csproj", "{36053582-A6B2-F7E7-08E2-E820BCCC3C8B}"
EndProject
Project("{FAE04EC0-301F-11D3-BF4B-00C04F79EFBC}") = "VRMShaders.VRM.IO.Editor", "VRMShaders.VRM.IO.Editor.csproj", "{117CAF42-2FE6-7716-3697-37ADD912C191}"
EndProject
Global
	GlobalSection(SolutionConfigurationPlatforms) = preSolution
		Debug|Any CPU = Debug|Any CPU
		Release|Any CPU = Release|Any CPU
	EndGlobalSection
	GlobalSection(ProjectConfigurationPlatforms) = postSolution
		{3937343E-5105-3CD7-3240-F527CE002315}.Debug|Any CPU.ActiveCfg = Debug|Any CPU
		{3937343E-5105-3CD7-3240-F527CE002315}.Debug|Any CPU.Build.0 = Debug|Any CPU
		{3937343E-5105-3CD7-3240-F527CE002315}.Release|Any CPU.ActiveCfg = Release|Any CPU
		{3937343E-5105-3CD7-3240-F527CE002315}.Release|Any CPU.Build.0 = Release|Any CPU
		{DD0D508C-2211-846B-46B2-EF8F67587F2E}.Debug|Any CPU.ActiveCfg = Debug|Any CPU
		{DD0D508C-2211-846B-46B2-EF8F67587F2E}.Debug|Any CPU.Build.0 = Debug|Any CPU
		{DD0D508C-2211-846B-46B2-EF8F67587F2E}.Release|Any CPU.ActiveCfg = Release|Any CPU
		{DD0D508C-2211-846B-46B2-EF8F67587F2E}.Release|Any CPU.Build.0 = Release|Any CPU
		{B5E4A965-8335-986B-6B8C-290923F5E47B}.Debug|Any CPU.ActiveCfg = Debug|Any CPU
		{B5E4A965-8335-986B-6B8C-290923F5E47B}.Debug|Any CPU.Build.0 = Debug|Any CPU
		{B5E4A965-8335-986B-6B8C-290923F5E47B}.Release|Any CPU.ActiveCfg = Release|Any CPU
		{B5E4A965-8335-986B-6B8C-290923F5E47B}.Release|Any CPU.Build.0 = Release|Any CPU
		{6BFD543C-61FE-960B-789A-0D9D4BEA12D6}.Debug|Any CPU.ActiveCfg = Debug|Any CPU
		{6BFD543C-61FE-960B-789A-0D9D4BEA12D6}.Debug|Any CPU.Build.0 = Debug|Any CPU
		{6BFD543C-61FE-960B-789A-0D9D4BEA12D6}.Release|Any CPU.ActiveCfg = Release|Any CPU
		{6BFD543C-61FE-960B-789A-0D9D4BEA12D6}.Release|Any CPU.Build.0 = Release|Any CPU
		{B27380F1-12F2-88C1-FB05-DE24EDC20FF5}.Debug|Any CPU.ActiveCfg = Debug|Any CPU
		{B27380F1-12F2-88C1-FB05-DE24EDC20FF5}.Debug|Any CPU.Build.0 = Debug|Any CPU
		{B27380F1-12F2-88C1-FB05-DE24EDC20FF5}.Release|Any CPU.ActiveCfg = Release|Any CPU
		{B27380F1-12F2-88C1-FB05-DE24EDC20FF5}.Release|Any CPU.Build.0 = Release|Any CPU
		{66A207CA-26D0-D275-8883-73E8F190F92F}.Debug|Any CPU.ActiveCfg = Debug|Any CPU
		{66A207CA-26D0-D275-8883-73E8F190F92F}.Debug|Any CPU.Build.0 = Debug|Any CPU
		{66A207CA-26D0-D275-8883-73E8F190F92F}.Release|Any CPU.ActiveCfg = Release|Any CPU
		{66A207CA-26D0-D275-8883-73E8F190F92F}.Release|Any CPU.Build.0 = Release|Any CPU
		{6C74792F-08ED-5C28-DB8F-21D9B4B8CB3E}.Debug|Any CPU.ActiveCfg = Debug|Any CPU
		{6C74792F-08ED-5C28-DB8F-21D9B4B8CB3E}.Debug|Any CPU.Build.0 = Debug|Any CPU
		{6C74792F-08ED-5C28-DB8F-21D9B4B8CB3E}.Release|Any CPU.ActiveCfg = Release|Any CPU
		{6C74792F-08ED-5C28-DB8F-21D9B4B8CB3E}.Release|Any CPU.Build.0 = Release|Any CPU
		{09CDC0C0-CF2F-D65F-EC31-C49EABD13AD6}.Debug|Any CPU.ActiveCfg = Debug|Any CPU
		{09CDC0C0-CF2F-D65F-EC31-C49EABD13AD6}.Debug|Any CPU.Build.0 = Debug|Any CPU
		{09CDC0C0-CF2F-D65F-EC31-C49EABD13AD6}.Release|Any CPU.ActiveCfg = Release|Any CPU
		{09CDC0C0-CF2F-D65F-EC31-C49EABD13AD6}.Release|Any CPU.Build.0 = Release|Any CPU
		{8E2F157E-1B0E-4BFF-D220-88E95989B1DE}.Debug|Any CPU.ActiveCfg = Debug|Any CPU
		{8E2F157E-1B0E-4BFF-D220-88E95989B1DE}.Debug|Any CPU.Build.0 = Debug|Any CPU
		{8E2F157E-1B0E-4BFF-D220-88E95989B1DE}.Release|Any CPU.ActiveCfg = Release|Any CPU
		{8E2F157E-1B0E-4BFF-D220-88E95989B1DE}.Release|Any CPU.Build.0 = Release|Any CPU
		{EDB405A5-C06F-E348-3BFD-031C2F4A3C20}.Debug|Any CPU.ActiveCfg = Debug|Any CPU
		{EDB405A5-C06F-E348-3BFD-031C2F4A3C20}.Debug|Any CPU.Build.0 = Debug|Any CPU
		{EDB405A5-C06F-E348-3BFD-031C2F4A3C20}.Release|Any CPU.ActiveCfg = Release|Any CPU
		{EDB405A5-C06F-E348-3BFD-031C2F4A3C20}.Release|Any CPU.Build.0 = Release|Any CPU
		{3015B770-9BD9-7DDC-B821-DF51BBA21187}.Debug|Any CPU.ActiveCfg = Debug|Any CPU
		{3015B770-9BD9-7DDC-B821-DF51BBA21187}.Debug|Any CPU.Build.0 = Debug|Any CPU
		{3015B770-9BD9-7DDC-B821-DF51BBA21187}.Release|Any CPU.ActiveCfg = Release|Any CPU
		{3015B770-9BD9-7DDC-B821-DF51BBA21187}.Release|Any CPU.Build.0 = Release|Any CPU
		{9A1BF24D-77D3-E1E2-70E8-05732D9418D9}.Debug|Any CPU.ActiveCfg = Debug|Any CPU
		{9A1BF24D-77D3-E1E2-70E8-05732D9418D9}.Debug|Any CPU.Build.0 = Debug|Any CPU
		{9A1BF24D-77D3-E1E2-70E8-05732D9418D9}.Release|Any CPU.ActiveCfg = Release|Any CPU
		{9A1BF24D-77D3-E1E2-70E8-05732D9418D9}.Release|Any CPU.Build.0 = Release|Any CPU
		{366D5921-7F9D-1E5B-B385-1C7E3581A438}.Debug|Any CPU.ActiveCfg = Debug|Any CPU
		{366D5921-7F9D-1E5B-B385-1C7E3581A438}.Debug|Any CPU.Build.0 = Debug|Any CPU
		{366D5921-7F9D-1E5B-B385-1C7E3581A438}.Release|Any CPU.ActiveCfg = Release|Any CPU
		{366D5921-7F9D-1E5B-B385-1C7E3581A438}.Release|Any CPU.Build.0 = Release|Any CPU
		{D482B0DF-42E5-C6E6-E976-6E801EFFC180}.Debug|Any CPU.ActiveCfg = Debug|Any CPU
		{D482B0DF-42E5-C6E6-E976-6E801EFFC180}.Debug|Any CPU.Build.0 = Debug|Any CPU
		{D482B0DF-42E5-C6E6-E976-6E801EFFC180}.Release|Any CPU.ActiveCfg = Release|Any CPU
		{D482B0DF-42E5-C6E6-E976-6E801EFFC180}.Release|Any CPU.Build.0 = Release|Any CPU
		{1D5D5169-4040-F5D2-D4D5-5832002F687A}.Debug|Any CPU.ActiveCfg = Debug|Any CPU
		{1D5D5169-4040-F5D2-D4D5-5832002F687A}.Debug|Any CPU.Build.0 = Debug|Any CPU
		{1D5D5169-4040-F5D2-D4D5-5832002F687A}.Release|Any CPU.ActiveCfg = Release|Any CPU
		{1D5D5169-4040-F5D2-D4D5-5832002F687A}.Release|Any CPU.Build.0 = Release|Any CPU
		{39253609-A029-8ECE-5C04-02D143E823B5}.Debug|Any CPU.ActiveCfg = Debug|Any CPU
		{39253609-A029-8ECE-5C04-02D143E823B5}.Debug|Any CPU.Build.0 = Debug|Any CPU
		{39253609-A029-8ECE-5C04-02D143E823B5}.Release|Any CPU.ActiveCfg = Release|Any CPU
		{39253609-A029-8ECE-5C04-02D143E823B5}.Release|Any CPU.Build.0 = Release|Any CPU
		{DE192E80-83BD-A668-5446-F62370C1169E}.Debug|Any CPU.ActiveCfg = Debug|Any CPU
		{DE192E80-83BD-A668-5446-F62370C1169E}.Debug|Any CPU.Build.0 = Debug|Any CPU
		{DE192E80-83BD-A668-5446-F62370C1169E}.Release|Any CPU.ActiveCfg = Release|Any CPU
		{DE192E80-83BD-A668-5446-F62370C1169E}.Release|Any CPU.Build.0 = Release|Any CPU
		{CC8CC312-D0AB-BD5A-D839-5E4162F30545}.Debug|Any CPU.ActiveCfg = Debug|Any CPU
		{CC8CC312-D0AB-BD5A-D839-5E4162F30545}.Debug|Any CPU.Build.0 = Debug|Any CPU
		{CC8CC312-D0AB-BD5A-D839-5E4162F30545}.Release|Any CPU.ActiveCfg = Release|Any CPU
		{CC8CC312-D0AB-BD5A-D839-5E4162F30545}.Release|Any CPU.Build.0 = Release|Any CPU
		{6D06EF29-06EA-6397-F671-81DF8A17500E}.Debug|Any CPU.ActiveCfg = Debug|Any CPU
		{6D06EF29-06EA-6397-F671-81DF8A17500E}.Debug|Any CPU.Build.0 = Debug|Any CPU
		{6D06EF29-06EA-6397-F671-81DF8A17500E}.Release|Any CPU.ActiveCfg = Release|Any CPU
		{6D06EF29-06EA-6397-F671-81DF8A17500E}.Release|Any CPU.Build.0 = Release|Any CPU
		{C47FD5D1-2761-6497-F3A3-0C396307D851}.Debug|Any CPU.ActiveCfg = Debug|Any CPU
		{C47FD5D1-2761-6497-F3A3-0C396307D851}.Debug|Any CPU.Build.0 = Debug|Any CPU
		{C47FD5D1-2761-6497-F3A3-0C396307D851}.Release|Any CPU.ActiveCfg = Release|Any CPU
		{C47FD5D1-2761-6497-F3A3-0C396307D851}.Release|Any CPU.Build.0 = Release|Any CPU
		{C81B08F0-C2BA-B5CE-4D57-1D7BD1698074}.Debug|Any CPU.ActiveCfg = Debug|Any CPU
		{C81B08F0-C2BA-B5CE-4D57-1D7BD1698074}.Debug|Any CPU.Build.0 = Debug|Any CPU
		{C81B08F0-C2BA-B5CE-4D57-1D7BD1698074}.Release|Any CPU.ActiveCfg = Release|Any CPU
		{C81B08F0-C2BA-B5CE-4D57-1D7BD1698074}.Release|Any CPU.Build.0 = Release|Any CPU
		{385494A7-4667-308C-E1D9-846BD2351A32}.Debug|Any CPU.ActiveCfg = Debug|Any CPU
		{385494A7-4667-308C-E1D9-846BD2351A32}.Debug|Any CPU.Build.0 = Debug|Any CPU
		{385494A7-4667-308C-E1D9-846BD2351A32}.Release|Any CPU.ActiveCfg = Release|Any CPU
		{385494A7-4667-308C-E1D9-846BD2351A32}.Release|Any CPU.Build.0 = Release|Any CPU
		{68855429-808B-8701-37CE-270679C5AC49}.Debug|Any CPU.ActiveCfg = Debug|Any CPU
		{68855429-808B-8701-37CE-270679C5AC49}.Debug|Any CPU.Build.0 = Debug|Any CPU
		{68855429-808B-8701-37CE-270679C5AC49}.Release|Any CPU.ActiveCfg = Release|Any CPU
		{68855429-808B-8701-37CE-270679C5AC49}.Release|Any CPU.Build.0 = Release|Any CPU
		{9C0088F6-165D-6C0B-110A-828244FBF3FC}.Debug|Any CPU.ActiveCfg = Debug|Any CPU
		{9C0088F6-165D-6C0B-110A-828244FBF3FC}.Debug|Any CPU.Build.0 = Debug|Any CPU
		{9C0088F6-165D-6C0B-110A-828244FBF3FC}.Release|Any CPU.ActiveCfg = Release|Any CPU
		{9C0088F6-165D-6C0B-110A-828244FBF3FC}.Release|Any CPU.Build.0 = Release|Any CPU
		{C646148B-50CF-DF25-0280-B9C79685AED3}.Debug|Any CPU.ActiveCfg = Debug|Any CPU
		{C646148B-50CF-DF25-0280-B9C79685AED3}.Debug|Any CPU.Build.0 = Debug|Any CPU
		{C646148B-50CF-DF25-0280-B9C79685AED3}.Release|Any CPU.ActiveCfg = Release|Any CPU
		{C646148B-50CF-DF25-0280-B9C79685AED3}.Release|Any CPU.Build.0 = Release|Any CPU
		{5E350756-A246-5FBA-BCA6-E5375470E1B6}.Debug|Any CPU.ActiveCfg = Debug|Any CPU
		{5E350756-A246-5FBA-BCA6-E5375470E1B6}.Debug|Any CPU.Build.0 = Debug|Any CPU
		{5E350756-A246-5FBA-BCA6-E5375470E1B6}.Release|Any CPU.ActiveCfg = Release|Any CPU
		{5E350756-A246-5FBA-BCA6-E5375470E1B6}.Release|Any CPU.Build.0 = Release|Any CPU
		{1A11E94B-A7B6-D711-C9B5-A9C05FF09F13}.Debug|Any CPU.ActiveCfg = Debug|Any CPU
		{1A11E94B-A7B6-D711-C9B5-A9C05FF09F13}.Debug|Any CPU.Build.0 = Debug|Any CPU
		{1A11E94B-A7B6-D711-C9B5-A9C05FF09F13}.Release|Any CPU.ActiveCfg = Release|Any CPU
		{1A11E94B-A7B6-D711-C9B5-A9C05FF09F13}.Release|Any CPU.Build.0 = Release|Any CPU
		{7235D79A-7F1B-3078-E3C8-E382C8FC2B30}.Debug|Any CPU.ActiveCfg = Debug|Any CPU
		{7235D79A-7F1B-3078-E3C8-E382C8FC2B30}.Debug|Any CPU.Build.0 = Debug|Any CPU
		{7235D79A-7F1B-3078-E3C8-E382C8FC2B30}.Release|Any CPU.ActiveCfg = Release|Any CPU
		{7235D79A-7F1B-3078-E3C8-E382C8FC2B30}.Release|Any CPU.Build.0 = Release|Any CPU
		{3F24E5C8-0EF2-60A9-9B78-A8D9B04B5CD9}.Debug|Any CPU.ActiveCfg = Debug|Any CPU
		{3F24E5C8-0EF2-60A9-9B78-A8D9B04B5CD9}.Debug|Any CPU.Build.0 = Debug|Any CPU
		{3F24E5C8-0EF2-60A9-9B78-A8D9B04B5CD9}.Release|Any CPU.ActiveCfg = Release|Any CPU
		{3F24E5C8-0EF2-60A9-9B78-A8D9B04B5CD9}.Release|Any CPU.Build.0 = Release|Any CPU
		{36053582-A6B2-F7E7-08E2-E820BCCC3C8B}.Debug|Any CPU.ActiveCfg = Debug|Any CPU
		{36053582-A6B2-F7E7-08E2-E820BCCC3C8B}.Debug|Any CPU.Build.0 = Debug|Any CPU
		{36053582-A6B2-F7E7-08E2-E820BCCC3C8B}.Release|Any CPU.ActiveCfg = Release|Any CPU
		{36053582-A6B2-F7E7-08E2-E820BCCC3C8B}.Release|Any CPU.Build.0 = Release|Any CPU
		{117CAF42-2FE6-7716-3697-37ADD912C191}.Debug|Any CPU.ActiveCfg = Debug|Any CPU
		{117CAF42-2FE6-7716-3697-37ADD912C191}.Debug|Any CPU.Build.0 = Debug|Any CPU
		{117CAF42-2FE6-7716-3697-37ADD912C191}.Release|Any CPU.ActiveCfg = Release|Any CPU
		{117CAF42-2FE6-7716-3697-37ADD912C191}.Release|Any CPU.Build.0 = Release|Any CPU
	EndGlobalSection
	GlobalSection(SolutionProperties) = preSolution
		HideSolutionNode = FALSE
	EndGlobalSection
EndGlobal
